
Microsoft Visual Studio Solution File, Format Version 11.00
# Visual Studio 2010
# SharpDevelop 5.1
Project("{FAE04EC0-301F-11D3-BF4B-00C04F79EFBC}") = "Figures(shdev)", "Figures(shdev).csproj", "{D62CB3AF-B49A-4BF5-979F-B24D24250425}"
EndProject
Global
	GlobalSection(SolutionConfigurationPlatforms) = preSolution
		Debug|Any CPU = Debug|Any CPU
		Release|Any CPU = Release|Any CPU
	EndGlobalSection
	GlobalSection(ProjectConfigurationPlatforms) = postSolution
		{D62CB3AF-B49A-4BF5-979F-B24D24250425}.Debug|Any CPU.ActiveCfg = Debug|Any CPU
		{D62CB3AF-B49A-4BF5-979F-B24D24250425}.Debug|Any CPU.Build.0 = Debug|Any CPU
		{D62CB3AF-B49A-4BF5-979F-B24D24250425}.Release|Any CPU.ActiveCfg = Release|Any CPU
		{D62CB3AF-B49A-4BF5-979F-B24D24250425}.Release|Any CPU.Build.0 = Release|Any CPU
	EndGlobalSection
EndGlobal
